
Microsoft Visual Studio Solution File, Format Version 12.00
# Visual Studio Version 17
VisualStudioVersion = 17.7.34031.279
MinimumVisualStudioVersion = 10.0.40219.1
Project("{FAE04EC0-301F-11D3-BF4B-00C04F79EFBC}") = "ĐACN", "ĐACN\ĐACN.csproj", "{EF12139A-93C3-4017-B34A-778BC9F4ACE5}"
EndProject
Global
	GlobalSection(SolutionConfigurationPlatforms) = preSolution
		Debug|Any CPU = Debug|Any CPU
		Release|Any CPU = Release|Any CPU
	EndGlobalSection
	GlobalSection(ProjectConfigurationPlatforms) = postSolution
		{EF12139A-93C3-4017-B34A-778BC9F4ACE5}.Debug|Any CPU.ActiveCfg = Debug|Any CPU
		{EF12139A-93C3-4017-B34A-778BC9F4ACE5}.Debug|Any CPU.Build.0 = Debug|Any CPU
		{EF12139A-93C3-4017-B34A-778BC9F4ACE5}.Release|Any CPU.ActiveCfg = Release|Any CPU
		{EF12139A-93C3-4017-B34A-778BC9F4ACE5}.Release|Any CPU.Build.0 = Release|Any CPU
	EndGlobalSection
	GlobalSection(SolutionProperties) = preSolution
		HideSolutionNode = FALSE
	EndGlobalSection
	GlobalSection(ExtensibilityGlobals) = postSolution
		SolutionGuid = {E5EC7B49-7E50-4226-91DC-08E4AF11D99E}
	EndGlobalSection
EndGlobal
